
Microsoft Visual Studio Solution File, Format Version 12.00
# Visual Studio Version 16
VisualStudioVersion = 16.0.29806.167
MinimumVisualStudioVersion = 10.0.40219.1
Project("{FAE04EC0-301F-11D3-BF4B-00C04F79EFBC}") = "AutoSzerelo_Munka_Felvevo_Kliens", "AutoSzerelo_Munka_Felvevo_Kliens\AutoSzerelo_Munka_Felvevo_Kliens.csproj", "{AEE6D010-14B3-45F4-8DC3-BAA1DF5D3F23}"
EndProject
Project("{FAE04EC0-301F-11D3-BF4B-00C04F79EFBC}") = "AddNewTests", "AddNewTests\AddNewTests.csproj", "{902E5D59-D137-4EBA-AA88-A10916E6062B}"
EndProject
Global
	GlobalSection(SolutionConfigurationPlatforms) = preSolution
		Debug|Any CPU = Debug|Any CPU
		Release|Any CPU = Release|Any CPU
	EndGlobalSection
	GlobalSection(ProjectConfigurationPlatforms) = postSolution
		{AEE6D010-14B3-45F4-8DC3-BAA1DF5D3F23}.Debug|Any CPU.ActiveCfg = Debug|Any CPU
		{AEE6D010-14B3-45F4-8DC3-BAA1DF5D3F23}.Debug|Any CPU.Build.0 = Debug|Any CPU
		{AEE6D010-14B3-45F4-8DC3-BAA1DF5D3F23}.Release|Any CPU.ActiveCfg = Release|Any CPU
		{AEE6D010-14B3-45F4-8DC3-BAA1DF5D3F23}.Release|Any CPU.Build.0 = Release|Any CPU
		{902E5D59-D137-4EBA-AA88-A10916E6062B}.Debug|Any CPU.ActiveCfg = Debug|Any CPU
		{902E5D59-D137-4EBA-AA88-A10916E6062B}.Debug|Any CPU.Build.0 = Debug|Any CPU
		{902E5D59-D137-4EBA-AA88-A10916E6062B}.Release|Any CPU.ActiveCfg = Release|Any CPU
		{902E5D59-D137-4EBA-AA88-A10916E6062B}.Release|Any CPU.Build.0 = Release|Any CPU
	EndGlobalSection
	GlobalSection(SolutionProperties) = preSolution
		HideSolutionNode = FALSE
	EndGlobalSection
	GlobalSection(ExtensibilityGlobals) = postSolution
		SolutionGuid = {8197607B-7DB9-4A4E-8AB2-4412F6B73E7D}
	EndGlobalSection
EndGlobal
